
Microsoft Visual Studio Solution File, Format Version 12.00
# Visual Studio Version 16
VisualStudioVersion = 16.0.29411.108
MinimumVisualStudioVersion = 10.0.40219.1
Project("{FAE04EC0-301F-11D3-BF4B-00C04F79EFBC}") = "PlayingCardSort", "PlayingCardSort\PlayingCardSort.csproj", "{02528C1E-2160-401C-B8CF-336CE61202CA}"
EndProject
Global
	GlobalSection(SolutionConfigurationPlatforms) = preSolution
		Debug|Any CPU = Debug|Any CPU
		Release|Any CPU = Release|Any CPU
	EndGlobalSection
	GlobalSection(ProjectConfigurationPlatforms) = postSolution
		{02528C1E-2160-401C-B8CF-336CE61202CA}.Debug|Any CPU.ActiveCfg = Debug|Any CPU
		{02528C1E-2160-401C-B8CF-336CE61202CA}.Debug|Any CPU.Build.0 = Debug|Any CPU
		{02528C1E-2160-401C-B8CF-336CE61202CA}.Release|Any CPU.ActiveCfg = Release|Any CPU
		{02528C1E-2160-401C-B8CF-336CE61202CA}.Release|Any CPU.Build.0 = Release|Any CPU
	EndGlobalSection
	GlobalSection(SolutionProperties) = preSolution
		HideSolutionNode = FALSE
	EndGlobalSection
	GlobalSection(ExtensibilityGlobals) = postSolution
		SolutionGuid = {B247C6E0-D37D-42ED-ADC2-FC119136822F}
	EndGlobalSection
EndGlobal
